
Microsoft Visual Studio Solution File, Format Version 12.00
# Visual Studio Version 16
VisualStudioVersion = 16.0.32106.194
MinimumVisualStudioVersion = 10.0.40219.1
Project("{2150E333-8FDC-42A3-9474-1A3956D46DE8}") = "Services", "Services", "{81C72CE7-A696-4AEB-B97D-913BC167282F}"
EndProject
Project("{2150E333-8FDC-42A3-9474-1A3956D46DE8}") = "Catalog", "Catalog", "{FC3C99BF-84C5-45B7-96C7-7A1CB28394AE}"
EndProject
Global
	GlobalSection(SolutionProperties) = preSolution
		HideSolutionNode = FALSE
	EndGlobalSection
	GlobalSection(NestedProjects) = preSolution
		{FC3C99BF-84C5-45B7-96C7-7A1CB28394AE} = {81C72CE7-A696-4AEB-B97D-913BC167282F}
	EndGlobalSection
	GlobalSection(ExtensibilityGlobals) = postSolution
		SolutionGuid = {F2F24BEA-9ECD-4B07-955F-DF98E4E77BD6}
	EndGlobalSection
EndGlobal
